
Microsoft Visual Studio Solution File, Format Version 12.00
# Visual Studio 15
VisualStudioVersion = 15.0.27130.2010
MinimumVisualStudioVersion = 10.0.40219.1
Project("{151D2E53-A2C4-4D7D-83FE-D05416EBD58E}") = "Cloud5VideoHelper", "Cloud5VideoHelper\Cloud5VideoHelper.deployproj", "{2834AD33-8137-40EB-903C-10751733D16C}"
EndProject
Global
	GlobalSection(SolutionConfigurationPlatforms) = preSolution
		Debug|Any CPU = Debug|Any CPU
		Release|Any CPU = Release|Any CPU
	EndGlobalSection
	GlobalSection(ProjectConfigurationPlatforms) = postSolution
		{2834AD33-8137-40EB-903C-10751733D16C}.Debug|Any CPU.ActiveCfg = Debug|Any CPU
		{2834AD33-8137-40EB-903C-10751733D16C}.Debug|Any CPU.Build.0 = Debug|Any CPU
		{2834AD33-8137-40EB-903C-10751733D16C}.Release|Any CPU.ActiveCfg = Release|Any CPU
		{2834AD33-8137-40EB-903C-10751733D16C}.Release|Any CPU.Build.0 = Release|Any CPU
	EndGlobalSection
	GlobalSection(SolutionProperties) = preSolution
		HideSolutionNode = FALSE
	EndGlobalSection
	GlobalSection(ExtensibilityGlobals) = postSolution
		SolutionGuid = {82B68601-A72A-4853-96D3-4A2DCCB802E5}
	EndGlobalSection
EndGlobal
